
Microsoft Visual Studio Solution File, Format Version 12.00
# Visual Studio 2013
VisualStudioVersion = 12.0.31101.0
MinimumVisualStudioVersion = 10.0.40219.1
Project("{FAE04EC0-301F-11D3-BF4B-00C04F79EFBC}") = "ArcheryShotsPublic", "ArcheryShotsPublic.csproj", "{243FFA6B-64F3-4400-A6EA-0C1E29E15B57}"
EndProject
Project("{FAE04EC0-301F-11D3-BF4B-00C04F79EFBC}") = "ArcheryShots", "..\ArcheryShots\ArcheryShots\ArcheryShots.csproj", "{1793B6F7-E889-4A06-93C1-7E46586037AD}"
EndProject
Project("{FAE04EC0-301F-11D3-BF4B-00C04F79EFBC}") = "ArcheryShots.Tests", "..\ArcheryShots\ArcheryShots.Tests\ArcheryShots.Tests.csproj", "{CB5D3472-B2AB-49AE-97E6-E7A31CC277B7}"
EndProject
Global
	GlobalSection(SolutionConfigurationPlatforms) = preSolution
		Debug|Any CPU = Debug|Any CPU
		Release|Any CPU = Release|Any CPU
	EndGlobalSection
	GlobalSection(ProjectConfigurationPlatforms) = postSolution
		{243FFA6B-64F3-4400-A6EA-0C1E29E15B57}.Debug|Any CPU.ActiveCfg = Debug|Any CPU
		{243FFA6B-64F3-4400-A6EA-0C1E29E15B57}.Debug|Any CPU.Build.0 = Debug|Any CPU
		{243FFA6B-64F3-4400-A6EA-0C1E29E15B57}.Release|Any CPU.ActiveCfg = Release|Any CPU
		{243FFA6B-64F3-4400-A6EA-0C1E29E15B57}.Release|Any CPU.Build.0 = Release|Any CPU
		{1793B6F7-E889-4A06-93C1-7E46586037AD}.Debug|Any CPU.ActiveCfg = Debug|Any CPU
		{1793B6F7-E889-4A06-93C1-7E46586037AD}.Debug|Any CPU.Build.0 = Debug|Any CPU
		{1793B6F7-E889-4A06-93C1-7E46586037AD}.Release|Any CPU.ActiveCfg = Release|Any CPU
		{1793B6F7-E889-4A06-93C1-7E46586037AD}.Release|Any CPU.Build.0 = Release|Any CPU
		{CB5D3472-B2AB-49AE-97E6-E7A31CC277B7}.Debug|Any CPU.ActiveCfg = Debug|Any CPU
		{CB5D3472-B2AB-49AE-97E6-E7A31CC277B7}.Debug|Any CPU.Build.0 = Debug|Any CPU
		{CB5D3472-B2AB-49AE-97E6-E7A31CC277B7}.Release|Any CPU.ActiveCfg = Release|Any CPU
		{CB5D3472-B2AB-49AE-97E6-E7A31CC277B7}.Release|Any CPU.Build.0 = Release|Any CPU
	EndGlobalSection
	GlobalSection(SolutionProperties) = preSolution
		HideSolutionNode = FALSE
	EndGlobalSection
EndGlobal
